Microsoft Visual Studio Solution File, Format Version 12.00
# Visual Studio Version 18
VisualStudioVersion = 18.4.11620.152
MinimumVisualStudioVersion = 10.0.40219.1
Project("{2150E333-8FDC-42A3-9474-1A3956D46DE8}") = "Docs", "Docs", "{02EA681E-C7D8-13C7-8484-4AC65E1B71E8}"
	ProjectSection(SolutionItems) = preProject
		Docs\api-routes.ts = Docs\api-routes.ts
		Docs\README.md = Docs\README.md
	EndProjectSection
EndProject
Project("{2150E333-8FDC-42A3-9474-1A3956D46DE8}") = "Src", "Src", "{854A1C00-E6E7-42DB-AA57-1ECFB0D8839C}"
EndProject
Project("{2150E333-8FDC-42A3-9474-1A3956D46DE8}") = "Api", "Api", "{92A9B5DC-66B8-4DDE-8C96-118775CA7D24}"
EndProject
Project("{2150E333-8FDC-42A3-9474-1A3956D46DE8}") = "Common", "Common", "{282FBCCF-2433-4094-AB22-C0D64272E857}"
	ProjectSection(SolutionItems) = preProject
		Src\Common\Common\README.md = Src\Common\Common\README.md
	EndProjectSection
EndProject
Project("{2150E333-8FDC-42A3-9474-1A3956D46DE8}") = "Modules", "Modules", "{066F303E-0DF5-41AB-BAA4-C81BD42D1074}"
EndProject
Project("{FAE04EC0-301F-11D3-BF4B-00C04F79EFBC}") = "AI.Api", "Src\Api\AI.Api\AI.Api.csproj", "{8E2909B0-3DF5-43CC-9E76-3A2B16698101}"
EndProject
Project("{FAE04EC0-301F-11D3-BF4B-00C04F79EFBC}") = "Common", "Src\Common\Common\Common.csproj", "{DC8408B0-8F06-4962-A407-C998BD851200}"
EndProject
Project("{2150E333-8FDC-42A3-9474-1A3956D46DE8}") = "Payment", "Payment", "{F367B34A-2C25-4EB0-8616-37CC17D3E21D}"
EndProject
Project("{2150E333-8FDC-42A3-9474-1A3956D46DE8}") = "ChatBot", "ChatBot", "{0966FA1A-4897-4E38-B4DE-6192A851273C}"
EndProject
Project("{2150E333-8FDC-42A3-9474-1A3956D46DE8}") = "Identity", "Identity", "{4BC2FD4A-7D0E-4E9D-AD15-6CCB39369166}"
EndProject
Project("{2150E333-8FDC-42A3-9474-1A3956D46DE8}") = "User", "User", "{B7ACDDD6-35E2-4F0C-B787-40C3C6CB326F}"
EndProject
Project("{FAE04EC0-301F-11D3-BF4B-00C04F79EFBC}") = "ChatBot", "Src\Modules\ChatBot\ChatBot.csproj", "{1F9F6AA1-F4BD-4B29-9EA8-84895CBFAA3F}"
EndProject
Project("{FAE04EC0-301F-11D3-BF4B-00C04F79EFBC}") = "Identity", "Src\Modules\Identity\Identity.csproj", "{9DC42F1C-0422-4DC9-B1EB-353D7806A257}"
EndProject
Project("{FAE04EC0-301F-11D3-BF4B-00C04F79EFBC}") = "Payment", "Src\Modules\Payment\Payment.csproj", "{CF4EE7CC-6727-4B09-87F7-70AE87CD193B}"
EndProject
Project("{FAE04EC0-301F-11D3-BF4B-00C04F79EFBC}") = "User", "Src\Modules\User\User.csproj", "{EB8B8620-5B4F-4D9F-A8F1-F1BCE0BA7824}"
EndProject
Project("{2150E333-8FDC-42A3-9474-1A3956D46DE8}") = "AiOrch", "AiOrch", "{C31150FD-FE5C-4ACF-87ED-FAB72B5459E7}"
EndProject
Project("{FAE04EC0-301F-11D3-BF4B-00C04F79EFBC}") = "AiOrchestration", "Src\Modules\AiOrchestration\AiOrchestration.csproj", "{D2CD33EB-3BBF-4E11-ABB0-E8B4E3807467}"
EndProject
Project("{2150E333-8FDC-42A3-9474-1A3956D46DE8}") = "CodeDebug", "CodeDebug", "{2430C53B-D36F-4F63-B377-604904E42AF0}"
EndProject
Project("{2150E333-8FDC-42A3-9474-1A3956D46DE8}") = "CodeGen", "CodeGen", "{E53FA511-FA3D-4D6A-B75F-CE7C2CBF4CF0}"
EndProject
Project("{2150E333-8FDC-42A3-9474-1A3956D46DE8}") = "ImageEdit", "ImageEdit", "{F481CEEA-4694-4910-AD5D-DA74D1162D13}"
EndProject
Project("{2150E333-8FDC-42A3-9474-1A3956D46DE8}") = "ImageGen", "ImageGen", "{DB159A3A-33B2-4D62-B42B-78F0FF05244F}"
EndProject
Project("{2150E333-8FDC-42A3-9474-1A3956D46DE8}") = "Translate", "Translate", "{14A37B8B-858B-4D53-8BE7-2A3FF23121BB}"
EndProject
Project("{FAE04EC0-301F-11D3-BF4B-00C04F79EFBC}") = "CodeDebug", "Src\Modules\CodeDebug\CodeDebug.csproj", "{0A04672B-6071-478B-9FFF-9458FAE59646}"
EndProject
Project("{FAE04EC0-301F-11D3-BF4B-00C04F79EFBC}") = "CodeGen", "Src\Modules\CodeGen\CodeGen.csproj", "{8C5958E3-819D-4827-B18A-65D6235C63C9}"
EndProject
Project("{FAE04EC0-301F-11D3-BF4B-00C04F79EFBC}") = "ImageEdit", "Src\Modules\ImageEdit\ImageEdit.csproj", "{DC6048EE-4019-4DDF-92C0-7547415DC85C}"
EndProject
Project("{FAE04EC0-301F-11D3-BF4B-00C04F79EFBC}") = "ImageGen", "Src\Modules\ImageGen\ImageGen.csproj", "{E8D8B199-D33E-40D1-908F-1D9ADE2952CF}"
EndProject
Project("{FAE04EC0-301F-11D3-BF4B-00C04F79EFBC}") = "Translate", "Src\Modules\Translate\Translate.csproj", "{6C248B93-F2B9-43C2-9F3D-7F22C5C7B968}"
EndProject
Project("{2150E333-8FDC-42A3-9474-1A3956D46DE8}") = "Analytics", "Analytics", "{2FFF698F-C2FD-4D23-9B6E-6A5898395D1E}"
EndProject
Project("{FAE04EC0-301F-11D3-BF4B-00C04F79EFBC}") = "Analytics", "Src\Modules\Analytics\Analytics.csproj", "{07181663-A04F-44AA-A0E6-8AE0019496E8}"
EndProject
Project("{2150E333-8FDC-42A3-9474-1A3956D46DE8}") = "Aspire", "Aspire", "{E7846763-B495-470C-A6D8-42434C025934}"
	ProjectSection(SolutionItems) = preProject
		Src\Aspire\README.md = Src\Aspire\README.md
	EndProjectSection
EndProject
Project("{FAE04EC0-301F-11D3-BF4B-00C04F79EFBC}") = "ServiceDefaults", "Src\Aspire\ServiceDefaults\ServiceDefaults.csproj", "{BA3EEEED-828F-425A-BCB5-F38C2C889D46}"
EndProject
Project("{FAE04EC0-301F-11D3-BF4B-00C04F79EFBC}") = "AppHost", "Src\Aspire\AppHost\AppHost.csproj", "{023057A0-CC2B-4C60-990E-8E2012AF05B5}"
EndProject
Project("{2150E333-8FDC-42A3-9474-1A3956D46DE8}") = "SimpleMD", "SimpleMD", "{80CCA63C-1079-46BA-ADA7-19BD3BE0ABC3}"
EndProject
Project("{FAE04EC0-301F-11D3-BF4B-00C04F79EFBC}") = "SimpleMD", "Src\Modules\SimpleMD\SimpleMD.csproj", "{FA2DD7EB-DF69-47B4-B9E3-A9998C45067D}"
EndProject
Project("{2150E333-8FDC-42A3-9474-1A3956D46DE8}") = "architecture", "architecture", "{7C3B229F-AB91-4BA9-9C57-9C124C7F127C}"
	ProjectSection(SolutionItems) = preProject
		Docs\architecture\001-arch-db.md = Docs\architecture\001-arch-db.md
		Docs\architecture\002-arch-image.md = Docs\architecture\002-arch-image.md
		Docs\architecture\003-arch-search.md = Docs\architecture\003-arch-search.md
		Docs\architecture\004-arch-feed.md = Docs\architecture\004-arch-feed.md
	EndProjectSection
EndProject
Project("{2150E333-8FDC-42A3-9474-1A3956D46DE8}") = "build", "build", "{AE66F89D-ADEA-4711-892B-95D048066C97}"
	ProjectSection(SolutionItems) = preProject
		Docs\build\build-aspire-project.md = Docs\build\build-aspire-project.md
		Docs\build\build-docker-project.md = Docs\build\build-docker-project.md
		Docs\build\production.md = Docs\build\production.md
		Docs\build\run-project.md = Docs\build\run-project.md
	EndProjectSection
EndProject
Project("{2150E333-8FDC-42A3-9474-1A3956D46DE8}") = "development", "development", "{CF57B9D2-60FF-4D51-92FB-5B960D85B19D}"
	ProjectSection(SolutionItems) = preProject
		Docs\development\new-feature.md = Docs\development\new-feature.md
		Docs\development\new-module.md = Docs\development\new-module.md
		Docs\development\new-system.md = Docs\development\new-system.md
	EndProjectSection
EndProject
Project("{2150E333-8FDC-42A3-9474-1A3956D46DE8}") = "features", "features", "{AAFF4EE8-A428-481E-A8D3-25773A039278}"
EndProject
Project("{2150E333-8FDC-42A3-9474-1A3956D46DE8}") = "guide", "guide", "{85031523-56CB-4B68-B982-16FA83A1E5C8}"
	ProjectSection(SolutionItems) = preProject
		Docs\guide\admin-api-guide.md = Docs\guide\admin-api-guide.md
		Docs\guide\api-guide.md = Docs\guide\api-guide.md
		Docs\guide\public-api-guide.md = Docs\guide\public-api-guide.md
	EndProjectSection
EndProject
Project("{2150E333-8FDC-42A3-9474-1A3956D46DE8}") = "modules", "modules", "{8B092587-631F-4567-9368-C07C27252734}"
	ProjectSection(SolutionItems) = preProject
		Docs\modules\ai-orchestration.md = Docs\modules\ai-orchestration.md
		Docs\modules\analytics-module.md = Docs\modules\analytics-module.md
		Docs\modules\chat-module.md = Docs\modules\chat-module.md
		Docs\modules\code-debug-module.md = Docs\modules\code-debug-module.md
		Docs\modules\code-gen-module.md = Docs\modules\code-gen-module.md
		Docs\modules\identity-module.md = Docs\modules\identity-module.md
		Docs\modules\image-edit-module.md = Docs\modules\image-edit-module.md
		Docs\modules\image-gen-module.md = Docs\modules\image-gen-module.md
		Docs\modules\payment-module.md = Docs\modules\payment-module.md
		Docs\modules\simple-md-module.md = Docs\modules\simple-md-module.md
		Docs\modules\translate-module.md = Docs\modules\translate-module.md
		Docs\modules\user-module.md = Docs\modules\user-module.md
	EndProjectSection
EndProject
Project("{2150E333-8FDC-42A3-9474-1A3956D46DE8}") = "coming", "coming", "{EBB458FA-06E0-4787-9424-23D88B448817}"
	ProjectSection(SolutionItems) = preProject
		Docs\features\coming\001-02-coming-removed.md = Docs\features\coming\001-02-coming-removed.md
		Docs\features\coming\001-coming-new.md = Docs\features\coming\001-coming-new.md
		Docs\features\coming\002-coming-autocomplete-email.md = Docs\features\coming\002-coming-autocomplete-email.md
		Docs\features\coming\003-coming-history.md = Docs\features\coming\003-coming-history.md
		Docs\features\coming\004-coming-template.md = Docs\features\coming\004-coming-template.md
		Docs\features\coming\005-coming-tips.md = Docs\features\coming\005-coming-tips.md
		Docs\features\coming\006-coming-export.md = Docs\features\coming\006-coming-export.md
		Docs\features\coming\007-coming-share.md = Docs\features\coming\007-coming-share.md
		Docs\features\coming\008-coming-speechtotext.md = Docs\features\coming\008-coming-speechtotext.md
		Docs\features\coming\009-coming-codededebug.md = Docs\features\coming\009-coming-codededebug.md
	EndProjectSection
EndProject
Project("{2150E333-8FDC-42A3-9474-1A3956D46DE8}") = "depreciate", "depreciate", "{DBDEDE58-6724-43B4-AFE1-6DB717F7C03C}"
	ProjectSection(SolutionItems) = preProject
		Docs\features\depreciate\001-depreciate-new.md = Docs\features\depreciate\001-depreciate-new.md
	EndProjectSection
EndProject
Project("{2150E333-8FDC-42A3-9474-1A3956D46DE8}") = "improve", "improve", "{12AF2937-F673-4A30-BA9A-1F703D88A4C9}"
	ProjectSection(SolutionItems) = preProject
		Docs\features\improve\001-improve-new.md = Docs\features\improve\001-improve-new.md
	EndProjectSection
EndProject
Project("{2150E333-8FDC-42A3-9474-1A3956D46DE8}") = "objects", "objects", "{C5339C8D-9B26-46B8-A1A9-B11BB3BC8D98}"
EndProject
Project("{2150E333-8FDC-42A3-9474-1A3956D46DE8}") = "routes", "routes", "{F52BFD66-4BEA-4F36-AD14-C9C97B7229C2}"
	ProjectSection(SolutionItems) = preProject
		Docs\guide\routes\api-admin-routes.ts = Docs\guide\routes\api-admin-routes.ts
		Docs\guide\routes\api-public-routes.ts = Docs\guide\routes\api-public-routes.ts
		Docs\guide\routes\api-routes.ts = Docs\guide\routes\api-routes.ts
		Docs\guide\routes\api-shared-routes.ts = Docs\guide\routes\api-shared-routes.ts
	EndProjectSection
EndProject
Project("{2150E333-8FDC-42A3-9474-1A3956D46DE8}") = "api", "api", "{9CE1BAC0-C1E9-4A86-9C1E-ACD974F65484}"
	ProjectSection(SolutionItems) = preProject
		Docs\modules\api\api-layer.md = Docs\modules\api\api-layer.md
	EndProjectSection
EndProject
Project("{2150E333-8FDC-42A3-9474-1A3956D46DE8}") = "buildingblocks", "buildingblocks", "{84ECC890-811C-4D4F-AF82-93C670653543}"
	ProjectSection(SolutionItems) = preProject
		Docs\modules\buildingblocks\common.md = Docs\modules\buildingblocks\common.md
	EndProjectSection
EndProject
Project("{2150E333-8FDC-42A3-9474-1A3956D46DE8}") = "tests", "tests", "{C59FA3F8-34C8-4F30-BA60-2AB4F264BB9D}"
EndProject
Project("{2150E333-8FDC-42A3-9474-1A3956D46DE8}") = "tests", "tests", "{873F8300-07D9-4FAC-81EE-050873A366C4}"
	ProjectSection(SolutionItems) = preProject
		Docs\test\new-unit-test.md = Docs\test\new-unit-test.md
		Docs\test\unit-testing.md = Docs\test\unit-testing.md
	EndProjectSection
EndProject
Project("{2150E333-8FDC-42A3-9474-1A3956D46DE8}") = "admin", "admin", "{8AF39F7F-5D3F-4E49-8A1D-05EB342DD41A}"
EndProject
Project("{2150E333-8FDC-42A3-9474-1A3956D46DE8}") = "public", "public", "{49B29695-F151-4672-9961-1D703AEB8DCF}"
EndProject
Project("{2150E333-8FDC-42A3-9474-1A3956D46DE8}") = "shared", "shared", "{A9943AA6-3541-4C91-BA02-FEC71BD2595F}"
EndProject
Project("{2150E333-8FDC-42A3-9474-1A3956D46DE8}") = "Scripts", "Scripts", "{AC75FE88-1BC7-4991-B702-0B10153F11B4}"
	ProjectSection(SolutionItems) = preProject
		scripts\add-migration.sh = scripts\add-migration.sh
		scripts\Add-Migrations.ps1 = scripts\Add-Migrations.ps1
		scripts\Update-Databases.ps1 = scripts\Update-Databases.ps1
		scripts\update-db.sh = scripts\update-db.sh
	EndProjectSection
EndProject
Project("{2150E333-8FDC-42A3-9474-1A3956D46DE8}") = "assets", "assets", "{94E3DB4D-9363-4C94-BE3F-2642FC0AC429}"
	ProjectSection(SolutionItems) = preProject
		assets\ai_banner.png = assets\ai_banner.png
		assets\ai_logo.png = assets\ai_logo.png
	EndProjectSection
EndProject
Project("{2150E333-8FDC-42A3-9474-1A3956D46DE8}") = "Tests", "Tests", "{34688F03-FF17-4DE7-8EBC-0DD3BD744D79}"
EndProject
Project("{FAE04EC0-301F-11D3-BF4B-00C04F79EFBC}") = "ChatBot.UnitTests", "Src\Modules\ChatBot_Tests\ChatBot.UnitTests\ChatBot.UnitTests.csproj", "{6F0A931F-8005-4181-AE2D-EB948A593B68}"
EndProject
Project("{FAE04EC0-301F-11D3-BF4B-00C04F79EFBC}") = "ChatBot.IntegrationTests", "Src\Modules\ChatBot_Tests\ChatBot.IntegrationTests\ChatBot.IntegrationTests.csproj", "{BB5D565A-DD93-45D6-9043-97EEC0B46632}"
EndProject
Project("{2150E333-8FDC-42A3-9474-1A3956D46DE8}") = "Solution Items", "Solution Items", "{6327BB55-16BA-4BAC-AF78-391EC9290CB3}"
	ProjectSection(SolutionItems) = preProject
		.gitattributes = .gitattributes
		.gitignore = .gitignore
		LICENSE = LICENSE
		README.md = README.md
	EndProjectSection
EndProject
Global
	GlobalSection(SolutionConfigurationPlatforms) = preSolution
		Debug|Any CPU = Debug|Any CPU
		Release|Any CPU = Release|Any CPU
	EndGlobalSection
	GlobalSection(ProjectConfigurationPlatforms) = postSolution
		{8E2909B0-3DF5-43CC-9E76-3A2B16698101}.Debug|Any CPU.ActiveCfg = Debug|Any CPU
		{8E2909B0-3DF5-43CC-9E76-3A2B16698101}.Debug|Any CPU.Build.0 = Debug|Any CPU
		{8E2909B0-3DF5-43CC-9E76-3A2B16698101}.Release|Any CPU.ActiveCfg = Release|Any CPU
		{8E2909B0-3DF5-43CC-9E76-3A2B16698101}.Release|Any CPU.Build.0 = Release|Any CPU
		{DC8408B0-8F06-4962-A407-C998BD851200}.Debug|Any CPU.ActiveCfg = Debug|Any CPU
		{DC8408B0-8F06-4962-A407-C998BD851200}.Debug|Any CPU.Build.0 = Debug|Any CPU
		{DC8408B0-8F06-4962-A407-C998BD851200}.Release|Any CPU.ActiveCfg = Release|Any CPU
		{DC8408B0-8F06-4962-A407-C998BD851200}.Release|Any CPU.Build.0 = Release|Any CPU
		{1F9F6AA1-F4BD-4B29-9EA8-84895CBFAA3F}.Debug|Any CPU.ActiveCfg = Debug|Any CPU
		{1F9F6AA1-F4BD-4B29-9EA8-84895CBFAA3F}.Debug|Any CPU.Build.0 = Debug|Any CPU
		{1F9F6AA1-F4BD-4B29-9EA8-84895CBFAA3F}.Release|Any CPU.ActiveCfg = Release|Any CPU
		{1F9F6AA1-F4BD-4B29-9EA8-84895CBFAA3F}.Release|Any CPU.Build.0 = Release|Any CPU
		{9DC42F1C-0422-4DC9-B1EB-353D7806A257}.Debug|Any CPU.ActiveCfg = Debug|Any CPU
		{9DC42F1C-0422-4DC9-B1EB-353D7806A257}.Debug|Any CPU.Build.0 = Debug|Any CPU
		{9DC42F1C-0422-4DC9-B1EB-353D7806A257}.Release|Any CPU.ActiveCfg = Release|Any CPU
		{9DC42F1C-0422-4DC9-B1EB-353D7806A257}.Release|Any CPU.Build.0 = Release|Any CPU
		{CF4EE7CC-6727-4B09-87F7-70AE87CD193B}.Debug|Any CPU.ActiveCfg = Debug|Any CPU
		{CF4EE7CC-6727-4B09-87F7-70AE87CD193B}.Debug|Any CPU.Build.0 = Debug|Any CPU
		{CF4EE7CC-6727-4B09-87F7-70AE87CD193B}.Release|Any CPU.ActiveCfg = Release|Any CPU
		{CF4EE7CC-6727-4B09-87F7-70AE87CD193B}.Release|Any CPU.Build.0 = Release|Any CPU
		{EB8B8620-5B4F-4D9F-A8F1-F1BCE0BA7824}.Debug|Any CPU.ActiveCfg = Debug|Any CPU
		{EB8B8620-5B4F-4D9F-A8F1-F1BCE0BA7824}.Debug|Any CPU.Build.0 = Debug|Any CPU
		{EB8B8620-5B4F-4D9F-A8F1-F1BCE0BA7824}.Release|Any CPU.ActiveCfg = Release|Any CPU
		{EB8B8620-5B4F-4D9F-A8F1-F1BCE0BA7824}.Release|Any CPU.Build.0 = Release|Any CPU
		{D2CD33EB-3BBF-4E11-ABB0-E8B4E3807467}.Debug|Any CPU.ActiveCfg = Debug|Any CPU
		{D2CD33EB-3BBF-4E11-ABB0-E8B4E3807467}.Debug|Any CPU.Build.0 = Debug|Any CPU
		{D2CD33EB-3BBF-4E11-ABB0-E8B4E3807467}.Release|Any CPU.ActiveCfg = Release|Any CPU
		{D2CD33EB-3BBF-4E11-ABB0-E8B4E3807467}.Release|Any CPU.Build.0 = Release|Any CPU
		{0A04672B-6071-478B-9FFF-9458FAE59646}.Debug|Any CPU.ActiveCfg = Debug|Any CPU
		{0A04672B-6071-478B-9FFF-9458FAE59646}.Debug|Any CPU.Build.0 = Debug|Any CPU
		{0A04672B-6071-478B-9FFF-9458FAE59646}.Release|Any CPU.ActiveCfg = Release|Any CPU
		{0A04672B-6071-478B-9FFF-9458FAE59646}.Release|Any CPU.Build.0 = Release|Any CPU
		{8C5958E3-819D-4827-B18A-65D6235C63C9}.Debug|Any CPU.ActiveCfg = Debug|Any CPU
		{8C5958E3-819D-4827-B18A-65D6235C63C9}.Debug|Any CPU.Build.0 = Debug|Any CPU
		{8C5958E3-819D-4827-B18A-65D6235C63C9}.Release|Any CPU.ActiveCfg = Release|Any CPU
		{8C5958E3-819D-4827-B18A-65D6235C63C9}.Release|Any CPU.Build.0 = Release|Any CPU
		{DC6048EE-4019-4DDF-92C0-7547415DC85C}.Debug|Any CPU.ActiveCfg = Debug|Any CPU
		{DC6048EE-4019-4DDF-92C0-7547415DC85C}.Debug|Any CPU.Build.0 = Debug|Any CPU
		{DC6048EE-4019-4DDF-92C0-7547415DC85C}.Release|Any CPU.ActiveCfg = Release|Any CPU
		{DC6048EE-4019-4DDF-92C0-7547415DC85C}.Release|Any CPU.Build.0 = Release|Any CPU
		{E8D8B199-D33E-40D1-908F-1D9ADE2952CF}.Debug|Any CPU.ActiveCfg = Debug|Any CPU
		{E8D8B199-D33E-40D1-908F-1D9ADE2952CF}.Debug|Any CPU.Build.0 = Debug|Any CPU
		{E8D8B199-D33E-40D1-908F-1D9ADE2952CF}.Release|Any CPU.ActiveCfg = Release|Any CPU
		{E8D8B199-D33E-40D1-908F-1D9ADE2952CF}.Release|Any CPU.Build.0 = Release|Any CPU
		{6C248B93-F2B9-43C2-9F3D-7F22C5C7B968}.Debug|Any CPU.ActiveCfg = Debug|Any CPU
		{6C248B93-F2B9-43C2-9F3D-7F22C5C7B968}.Debug|Any CPU.Build.0 = Debug|Any CPU
		{6C248B93-F2B9-43C2-9F3D-7F22C5C7B968}.Release|Any CPU.ActiveCfg = Release|Any CPU
		{6C248B93-F2B9-43C2-9F3D-7F22C5C7B968}.Release|Any CPU.Build.0 = Release|Any CPU
		{07181663-A04F-44AA-A0E6-8AE0019496E8}.Debug|Any CPU.ActiveCfg = Debug|Any CPU
		{07181663-A04F-44AA-A0E6-8AE0019496E8}.Debug|Any CPU.Build.0 = Debug|Any CPU
		{07181663-A04F-44AA-A0E6-8AE0019496E8}.Release|Any CPU.ActiveCfg = Release|Any CPU
		{07181663-A04F-44AA-A0E6-8AE0019496E8}.Release|Any CPU.Build.0 = Release|Any CPU
		{BA3EEEED-828F-425A-BCB5-F38C2C889D46}.Debug|Any CPU.ActiveCfg = Debug|Any CPU
		{BA3EEEED-828F-425A-BCB5-F38C2C889D46}.Debug|Any CPU.Build.0 = Debug|Any CPU
		{BA3EEEED-828F-425A-BCB5-F38C2C889D46}.Release|Any CPU.ActiveCfg = Release|Any CPU
		{BA3EEEED-828F-425A-BCB5-F38C2C889D46}.Release|Any CPU.Build.0 = Release|Any CPU
		{023057A0-CC2B-4C60-990E-8E2012AF05B5}.Debug|Any CPU.ActiveCfg = Debug|Any CPU
		{023057A0-CC2B-4C60-990E-8E2012AF05B5}.Debug|Any CPU.Build.0 = Debug|Any CPU
		{023057A0-CC2B-4C60-990E-8E2012AF05B5}.Release|Any CPU.ActiveCfg = Release|Any CPU
		{023057A0-CC2B-4C60-990E-8E2012AF05B5}.Release|Any CPU.Build.0 = Release|Any CPU
		{FA2DD7EB-DF69-47B4-B9E3-A9998C45067D}.Debug|Any CPU.ActiveCfg = Debug|Any CPU
		{FA2DD7EB-DF69-47B4-B9E3-A9998C45067D}.Debug|Any CPU.Build.0 = Debug|Any CPU
		{FA2DD7EB-DF69-47B4-B9E3-A9998C45067D}.Release|Any CPU.ActiveCfg = Release|Any CPU
		{FA2DD7EB-DF69-47B4-B9E3-A9998C45067D}.Release|Any CPU.Build.0 = Release|Any CPU
		{6F0A931F-8005-4181-AE2D-EB948A593B68}.Debug|Any CPU.ActiveCfg = Debug|Any CPU
		{6F0A931F-8005-4181-AE2D-EB948A593B68}.Debug|Any CPU.Build.0 = Debug|Any CPU
		{6F0A931F-8005-4181-AE2D-EB948A593B68}.Release|Any CPU.ActiveCfg = Release|Any CPU
		{6F0A931F-8005-4181-AE2D-EB948A593B68}.Release|Any CPU.Build.0 = Release|Any CPU
		{BB5D565A-DD93-45D6-9043-97EEC0B46632}.Debug|Any CPU.ActiveCfg = Debug|Any CPU
		{BB5D565A-DD93-45D6-9043-97EEC0B46632}.Debug|Any CPU.Build.0 = Debug|Any CPU
		{BB5D565A-DD93-45D6-9043-97EEC0B46632}.Release|Any CPU.ActiveCfg = Release|Any CPU
		{BB5D565A-DD93-45D6-9043-97EEC0B46632}.Release|Any CPU.Build.0 = Release|Any CPU
	EndGlobalSection
	GlobalSection(SolutionProperties) = preSolution
		HideSolutionNode = FALSE
	EndGlobalSection
	GlobalSection(NestedProjects) = preSolution
		{92A9B5DC-66B8-4DDE-8C96-118775CA7D24} = {854A1C00-E6E7-42DB-AA57-1ECFB0D8839C}
		{282FBCCF-2433-4094-AB22-C0D64272E857} = {854A1C00-E6E7-42DB-AA57-1ECFB0D8839C}
		{066F303E-0DF5-41AB-BAA4-C81BD42D1074} = {854A1C00-E6E7-42DB-AA57-1ECFB0D8839C}
		{8E2909B0-3DF5-43CC-9E76-3A2B16698101} = {92A9B5DC-66B8-4DDE-8C96-118775CA7D24}
		{DC8408B0-8F06-4962-A407-C998BD851200} = {282FBCCF-2433-4094-AB22-C0D64272E857}
		{F367B34A-2C25-4EB0-8616-37CC17D3E21D} = {066F303E-0DF5-41AB-BAA4-C81BD42D1074}
		{0966FA1A-4897-4E38-B4DE-6192A851273C} = {066F303E-0DF5-41AB-BAA4-C81BD42D1074}
		{4BC2FD4A-7D0E-4E9D-AD15-6CCB39369166} = {066F303E-0DF5-41AB-BAA4-C81BD42D1074}
		{B7ACDDD6-35E2-4F0C-B787-40C3C6CB326F} = {066F303E-0DF5-41AB-BAA4-C81BD42D1074}
		{1F9F6AA1-F4BD-4B29-9EA8-84895CBFAA3F} = {0966FA1A-4897-4E38-B4DE-6192A851273C}
		{9DC42F1C-0422-4DC9-B1EB-353D7806A257} = {4BC2FD4A-7D0E-4E9D-AD15-6CCB39369166}
		{CF4EE7CC-6727-4B09-87F7-70AE87CD193B} = {F367B34A-2C25-4EB0-8616-37CC17D3E21D}
		{EB8B8620-5B4F-4D9F-A8F1-F1BCE0BA7824} = {B7ACDDD6-35E2-4F0C-B787-40C3C6CB326F}
		{C31150FD-FE5C-4ACF-87ED-FAB72B5459E7} = {066F303E-0DF5-41AB-BAA4-C81BD42D1074}
		{D2CD33EB-3BBF-4E11-ABB0-E8B4E3807467} = {C31150FD-FE5C-4ACF-87ED-FAB72B5459E7}
		{2430C53B-D36F-4F63-B377-604904E42AF0} = {066F303E-0DF5-41AB-BAA4-C81BD42D1074}
		{E53FA511-FA3D-4D6A-B75F-CE7C2CBF4CF0} = {066F303E-0DF5-41AB-BAA4-C81BD42D1074}
		{F481CEEA-4694-4910-AD5D-DA74D1162D13} = {066F303E-0DF5-41AB-BAA4-C81BD42D1074}
		{DB159A3A-33B2-4D62-B42B-78F0FF05244F} = {066F303E-0DF5-41AB-BAA4-C81BD42D1074}
		{14A37B8B-858B-4D53-8BE7-2A3FF23121BB} = {066F303E-0DF5-41AB-BAA4-C81BD42D1074}
		{0A04672B-6071-478B-9FFF-9458FAE59646} = {2430C53B-D36F-4F63-B377-604904E42AF0}
		{8C5958E3-819D-4827-B18A-65D6235C63C9} = {E53FA511-FA3D-4D6A-B75F-CE7C2CBF4CF0}
		{DC6048EE-4019-4DDF-92C0-7547415DC85C} = {F481CEEA-4694-4910-AD5D-DA74D1162D13}
		{E8D8B199-D33E-40D1-908F-1D9ADE2952CF} = {DB159A3A-33B2-4D62-B42B-78F0FF05244F}
		{6C248B93-F2B9-43C2-9F3D-7F22C5C7B968} = {14A37B8B-858B-4D53-8BE7-2A3FF23121BB}
		{2FFF698F-C2FD-4D23-9B6E-6A5898395D1E} = {066F303E-0DF5-41AB-BAA4-C81BD42D1074}
		{07181663-A04F-44AA-A0E6-8AE0019496E8} = {2FFF698F-C2FD-4D23-9B6E-6A5898395D1E}
		{E7846763-B495-470C-A6D8-42434C025934} = {854A1C00-E6E7-42DB-AA57-1ECFB0D8839C}
		{BA3EEEED-828F-425A-BCB5-F38C2C889D46} = {E7846763-B495-470C-A6D8-42434C025934}
		{023057A0-CC2B-4C60-990E-8E2012AF05B5} = {E7846763-B495-470C-A6D8-42434C025934}
		{80CCA63C-1079-46BA-ADA7-19BD3BE0ABC3} = {066F303E-0DF5-41AB-BAA4-C81BD42D1074}
		{FA2DD7EB-DF69-47B4-B9E3-A9998C45067D} = {80CCA63C-1079-46BA-ADA7-19BD3BE0ABC3}
		{7C3B229F-AB91-4BA9-9C57-9C124C7F127C} = {02EA681E-C7D8-13C7-8484-4AC65E1B71E8}
		{AE66F89D-ADEA-4711-892B-95D048066C97} = {02EA681E-C7D8-13C7-8484-4AC65E1B71E8}
		{CF57B9D2-60FF-4D51-92FB-5B960D85B19D} = {02EA681E-C7D8-13C7-8484-4AC65E1B71E8}
		{AAFF4EE8-A428-481E-A8D3-25773A039278} = {02EA681E-C7D8-13C7-8484-4AC65E1B71E8}
		{85031523-56CB-4B68-B982-16FA83A1E5C8} = {02EA681E-C7D8-13C7-8484-4AC65E1B71E8}
		{8B092587-631F-4567-9368-C07C27252734} = {02EA681E-C7D8-13C7-8484-4AC65E1B71E8}
		{EBB458FA-06E0-4787-9424-23D88B448817} = {AAFF4EE8-A428-481E-A8D3-25773A039278}
		{DBDEDE58-6724-43B4-AFE1-6DB717F7C03C} = {AAFF4EE8-A428-481E-A8D3-25773A039278}
		{12AF2937-F673-4A30-BA9A-1F703D88A4C9} = {AAFF4EE8-A428-481E-A8D3-25773A039278}
		{C5339C8D-9B26-46B8-A1A9-B11BB3BC8D98} = {85031523-56CB-4B68-B982-16FA83A1E5C8}
		{F52BFD66-4BEA-4F36-AD14-C9C97B7229C2} = {85031523-56CB-4B68-B982-16FA83A1E5C8}
		{9CE1BAC0-C1E9-4A86-9C1E-ACD974F65484} = {8B092587-631F-4567-9368-C07C27252734}
		{84ECC890-811C-4D4F-AF82-93C670653543} = {8B092587-631F-4567-9368-C07C27252734}
		{C59FA3F8-34C8-4F30-BA60-2AB4F264BB9D} = {8B092587-631F-4567-9368-C07C27252734}
		{873F8300-07D9-4FAC-81EE-050873A366C4} = {02EA681E-C7D8-13C7-8484-4AC65E1B71E8}
		{8AF39F7F-5D3F-4E49-8A1D-05EB342DD41A} = {C5339C8D-9B26-46B8-A1A9-B11BB3BC8D98}
		{49B29695-F151-4672-9961-1D703AEB8DCF} = {C5339C8D-9B26-46B8-A1A9-B11BB3BC8D98}
		{A9943AA6-3541-4C91-BA02-FEC71BD2595F} = {C5339C8D-9B26-46B8-A1A9-B11BB3BC8D98}
		{34688F03-FF17-4DE7-8EBC-0DD3BD744D79} = {0966FA1A-4897-4E38-B4DE-6192A851273C}
		{6F0A931F-8005-4181-AE2D-EB948A593B68} = {34688F03-FF17-4DE7-8EBC-0DD3BD744D79}
		{BB5D565A-DD93-45D6-9043-97EEC0B46632} = {34688F03-FF17-4DE7-8EBC-0DD3BD744D79}
	EndGlobalSection
	GlobalSection(ExtensibilityGlobals) = postSolution
		SolutionGuid = {E751B8D5-C897-4B4F-8769-C7564DFC135F}
	EndGlobalSection
EndGlobal
